PODS:
  - Crashlytics (3.4.0):
    - Fabric (~> 1.6.0)
  - Fabric (1.6.0):
    - Fabric/Base (= 1.6.0)
  - Fabric/Base (1.6.0)
  - ObjectMapper (0.17)
  - PureLayout (3.0.1)
  - ReactiveCocoa (4.0.0-alpha-3):
    - ReactiveCocoa/UI (= 4.0.0-alpha-3)
    - Result (~> 0.6-beta.4)
  - ReactiveCocoa/Core (4.0.0-alpha-3):
    - ReactiveCocoa/no-arc
    - Result (~> 0.6-beta.4)
  - ReactiveCocoa/no-arc (4.0.0-alpha-3):
    - Result (~> 0.6-beta.4)
  - ReactiveCocoa/UI (4.0.0-alpha-3):
    - ReactiveCocoa/Core
    - Result (~> 0.6-beta.4)
  - Result (0.6.0-beta.5)

DEPENDENCIES:
  - Crashlytics (~> 3.4.0)
  - Fabric (~> 1.6.0)
  - ObjectMapper (~> 0.17)
  - PureLayout (~> 3.0.1)
  - ReactiveCocoa (= 4.0.0-alpha-3)

SPEC CHECKSUMS:
  Crashlytics: 1ee87895c37472eb3f01f409ea1654a464d2f8d4
  Fabric: d737eda3a26ac940a5430230eedb35f16b226131
  ObjectMapper: fa286b7cb5a398f1b0d8d64d0dd33fd1b307022c
  PureLayout: f35f5384c9c4e4479df041dbe33ad7577b71ddfb
  ReactiveCocoa: f03dcfd385b0e4ee5b7a323f5e0b146a498e12d3
  Result: 8ae33a29ed1e147514b9536de523a978d7faba1f

COCOAPODS: 0.39.0
