PODS:
  - Alamofire (3.1.4)
  - Crashlytics (3.4.1):
    - Fabric (~> 1.6.0)
  - Fabric (1.6.1)
  - PureLayout (3.0.1)
  - ReactiveCocoa (4.0.1):
    - ReactiveCocoa/UI (= 4.0.1)
    - Result (~> 1.0.2)
  - ReactiveCocoa/Core (4.0.1):
    - ReactiveCocoa/no-arc
    - Result (~> 1.0.2)
  - ReactiveCocoa/no-arc (4.0.1):
    - Result (~> 1.0.2)
  - ReactiveCocoa/UI (4.0.1):
    - ReactiveCocoa/Core
    - Result (~> 1.0.2)
  - Result (1.0.2)
  - Unbox (1.3)

DEPENDENCIES:
  - Alamofire (~> 3.1.4)
  - Crashlytics (~> 3.4.0)
  - Fabric (~> 1.6.0)
  - PureLayout (~> 3.0.1)
  - ReactiveCocoa (= 4.0.1)
  - Unbox (~> 1.3)

SPEC CHECKSUMS:
  Alamofire: fbc829692f351fa1d8a31dd75fd7f7f56fea31fb
  Crashlytics: 41574a245bc6ae10c55d57f385ebd2004e5bee05
  Fabric: bf0ceb04e7c924090efc5f8c55e4fbcca189e0a0
  PureLayout: f35f5384c9c4e4479df041dbe33ad7577b71ddfb
  ReactiveCocoa: f7011630aee4deeb16352fcb1b50d6bde9db4f90
  Result: dd3dd71af3fa2e262f1a999e14fba2c25ec14f16
  Unbox: af6e75fddb73ee790c80114bf7b6edef56a0dcd8

PODFILE CHECKSUM: 20f386dffd854319b05e2b24f4aae6d4ee3ce575

COCOAPODS: 1.0.0.beta.4
