PODS:
  - Box (1.2.2)
  - GGLInstanceID (1.0.0):
    - GoogleNetworkingUtilities (~> 1.0)
    - GoogleSymbolUtilities (~> 1.0)
    - GoogleUtilities (~> 1.0)
  - Google/Analytics (1.0.7):
    - Google/Core
    - GoogleAnalytics (~> 3.12)
  - Google/CloudMessaging (1.0.7):
    - GGLInstanceID (~> 1.0)
    - Google/Core
    - GoogleCloudMessaging (~> 1.0)
  - Google/Core (1.0.7):
    - GoogleNetworkingUtilities (~> 1.0)
    - GoogleSymbolUtilities (~> 1.0)
    - GoogleUtilities (~> 1.0)
  - GoogleAnalytics (3.12.0)
  - GoogleCloudMessaging (1.0.3):
    - GoogleInterchangeUtilities (~> 1.0)
    - GoogleNetworkingUtilities (~> 1.0)
    - GoogleSymbolUtilities (~> 1.0)
    - GoogleUtilities (~> 1.0)
  - GoogleInterchangeUtilities (1.0.0):
    - GoogleSymbolUtilities (~> 1.0)
  - GoogleNetworkingUtilities (1.0.0):
    - GoogleSymbolUtilities (~> 1.0)
  - GoogleSymbolUtilities (1.0.0)
  - GoogleUtilities (1.0.1):
    - GoogleSymbolUtilities (~> 1.0)
  - ObjectMapper (0.15)
  - PureLayout (3.0.0)
  - ReactiveCocoa (3.0-RC.1):
    - Box (~> 1.2.0)
    - ReactiveCocoa/UI (= 3.0-RC.1)
    - Result (~> 0.4.1)
  - ReactiveCocoa/Core (3.0-RC.1):
    - Box (~> 1.2.0)
    - ReactiveCocoa/no-arc
    - Result (~> 0.4.1)
  - ReactiveCocoa/no-arc (3.0-RC.1):
    - Box (~> 1.2.0)
    - Result (~> 0.4.1)
  - ReactiveCocoa/UI (3.0-RC.1):
    - Box (~> 1.2.0)
    - ReactiveCocoa/Core
    - Result (~> 0.4.1)
  - Result (0.4.4):
    - Box (~> 1.2)

DEPENDENCIES:
  - Google/Analytics (~> 1.0.0)
  - Google/CloudMessaging (~> 1.0.3)
  - ObjectMapper (~> 0.15)
  - PureLayout (~> 3.0.0)
  - ReactiveCocoa (= 3.0-RC.1)

SPEC CHECKSUMS:
  Box: a92e8aa4c099e6bc0733829665caf9e668ef53b8
  GGLInstanceID: 3f2a20acbb91408d45a5696b7722bf44cb410e0b
  Google: 875f5a8ade86dd02e36586e4a54814843938c7f6
  GoogleAnalytics: ef2e0b800ef3c1e62688cdfc959e0d3132bc246c
  GoogleCloudMessaging: 0d64d357dd8db2b6f6a3bd63301b04dd556320f9
  GoogleInterchangeUtilities: fe088bea8c936218e52324a004d279c4491b9d65
  GoogleNetworkingUtilities: 292992ab31b7b4ba32809a0e8b40e324cdfb2c0c
  GoogleSymbolUtilities: a7b0feed1fe667c8d5e647177938d0ecd62d6948
  GoogleUtilities: e3475cd4d45134221d2f3f3626095a1c49b62041
  ObjectMapper: 0656dc1c155825897e5acfcd25362c6b61786dcb
  PureLayout: 270dfee2236f697ab1d5e2771c2e5c248495fa0d
  ReactiveCocoa: c85fe01be4e047dc1d9fba3e1e0b7070846d3296
  Result: b44f6bc8762bbffaf2c5df58f2c7d12c3496ced8

COCOAPODS: 0.38.2
